
Microsoft Visual Studio Solution File, Format Version 12.00
# Visual Studio Version 17
VisualStudioVersion = 17.5.002.0
MinimumVisualStudioVersion = 10.0.40219.1
Project("{9A19103F-16F7-4668-BE54-9A1E7A4F7556}") = "dot-net-blog", "dotnet-backend\dot-net-blog.csproj", "{7DAFCC00-352C-4A84-A079-6AD4CAFCFDD9}"
EndProject
Global
	GlobalSection(SolutionConfigurationPlatforms) = preSolution
		Debug|Any CPU = Debug|Any CPU
		Release|Any CPU = Release|Any CPU
	EndGlobalSection
	GlobalSection(ProjectConfigurationPlatforms) = postSolution
		{7DAFCC00-352C-4A84-A079-6AD4CAFCFDD9}.Debug|Any CPU.ActiveCfg = Debug|Any CPU
		{7DAFCC00-352C-4A84-A079-6AD4CAFCFDD9}.Debug|Any CPU.Build.0 = Debug|Any CPU
		{7DAFCC00-352C-4A84-A079-6AD4CAFCFDD9}.Release|Any CPU.ActiveCfg = Release|Any CPU
		{7DAFCC00-352C-4A84-A079-6AD4CAFCFDD9}.Release|Any CPU.Build.0 = Release|Any CPU
	EndGlobalSection
	GlobalSection(SolutionProperties) = preSolution
		HideSolutionNode = FALSE
	EndGlobalSection
	GlobalSection(ExtensibilityGlobals) = postSolution
		SolutionGuid = {EE31CC93-9C26-4D62-BA1E-13ED8506B6DF}
	EndGlobalSection
EndGlobal
